dependencies:
  idf:
    source:
      type: idf
    version: 6.1.0
  lvgl/lvgl:
    component_hash: 17e68bfd21f0edf4c3ee838e2273da840bf3930e5dbc3bfa6c1190c3aed41f9f
    dependencies: []
    source:
      registry_url: https://components.espressif.com/
      type: service
    version: 9.4.0
direct_dependencies:
- lvgl/lvgl
manifest_hash: f2037e0a55d637109efde59b0fa15414701ad3c9d40c7d7624c5067598dd801f
target: esp32c5
version: 3.0.0
